
Microsoft Visual Studio Solution File, Format Version 12.00
# Visual Studio Version 16
VisualStudioVersion = 16.0.30611.23
MinimumVisualStudioVersion = 10.0.40219.1
Project("{FAE04EC0-301F-11D3-BF4B-00C04F79EFBC}") = "XmlEditorTool", "XmlEditorTool.csproj", "{2BCD05D4-D1C6-41A3-8BE6-74C93BE04A6B}"
EndProject
Global
	GlobalSection(SolutionConfigurationPlatforms) = preSolution
		Debug|Any CPU = Debug|Any CPU
		Release|Any CPU = Release|Any CPU
	EndGlobalSection
	GlobalSection(ProjectConfigurationPlatforms) = postSolution
		{2BCD05D4-D1C6-41A3-8BE6-74C93BE04A6B}.Debug|Any CPU.ActiveCfg = Debug|Any CPU
		{2BCD05D4-D1C6-41A3-8BE6-74C93BE04A6B}.Debug|Any CPU.Build.0 = Debug|Any CPU
		{2BCD05D4-D1C6-41A3-8BE6-74C93BE04A6B}.Release|Any CPU.ActiveCfg = Release|Any CPU
		{2BCD05D4-D1C6-41A3-8BE6-74C93BE04A6B}.Release|Any CPU.Build.0 = Release|Any CPU
	EndGlobalSection
	GlobalSection(SolutionProperties) = preSolution
		HideSolutionNode = FALSE
	EndGlobalSection
	GlobalSection(ExtensibilityGlobals) = postSolution
		SolutionGuid = {E523C032-1D57-4249-917D-9704D85D0C61}
	EndGlobalSection
EndGlobal
